{
    "_meta": {
        "hash": {
            "sha256": "790cbff0a229bd97bfd577571e6a4f7b05b44cc4202b98b2e00aea5d8885e1c4"
        },
        "pipfile-spec": 6,
        "requires": {
            "python_version": "3.7"
        },
        "sources": [
            {
                "name": "pypi",
                "url": "https://pypi.org/simple",
                "verify_ssl": true
            }
        ]
    },
    "default": {
        "beautifulsoup4": {
            "hashes": [
                "sha256:58d5c3d29f5a36ffeb94f02f0d786cd53014cf9b3b3951d42e0080d8a9498d30",
                "sha256:ad9aa55b65ef2808eb405f46cf74df7fcb7044d5cbc26487f96eb2ef2e436693"
            ],
            "markers": "python_full_version >= '3.6.0'",
            "version": "==4.11.1"
        },
        "bs4": {
            "hashes": [
                "sha256:36ecea1fd7cc5c0c6e4a1ff075df26d50da647b75376626cc186e2212886dd3a"
            ],
            "version": "==0.0.1"
        },
        "bunch": {
            "hashes": [
                "sha256:3c554816ba260634b55c1edf8de6467d8122dbd18ec20f323e181869bc48ac93",
                "sha256:50c77a0fc0cb372dfe48b5e11937d5f70e743adbf42683f3a6d2857645a76aaa"
            ],
            "index": "pypi",
            "version": "==1.0.1"
        },
        "certifi": {
            "hashes": [
                "sha256:84c85a9078b11105f04f3036a9482ae10e4621616db313fe045dd24743a0820d",
                "sha256:fe86415d55e84719d75f8b69414f6438ac3547d2078ab91b67e779ef69378412"
            ],
            "markers": "python_full_version >= '3.6.0'",
            "version": "==2022.6.15"
        },
        "charset-normalizer": {
            "hashes": [
                "sha256:5189b6f22b01957427f35b6a08d9a0bc45b46d3788ef5a92e978433c7a35f8a5",
                "sha256:575e708016ff3a5e3681541cb9d79312c416835686d054a23accb873b254f413"
            ],
            "markers": "python_full_version >= '3.6.0'",
            "version": "==2.1.0"
        },
        "click": {
            "hashes": [
                "sha256:7682dc8afb30297001674575ea00d1814d808d6a36af415a82bd481d37ba7b8e",
                "sha256:bb4d8133cb15a609f44e8213d9b391b0809795062913b383c62be0ee95b1db48"
            ],
            "markers": "python_version >= '3.7'",
            "version": "==8.1.3"
        },
        "colorama": {
            "hashes": [
                "sha256:463f8483208e921368c9f306094eb6f725c6ca42b0f97e313cb5d5512459feda",
                "sha256:48eb22f4f8461b1df5734a074b57042430fb06e1d61bd1e11b078c0fe6d7a1f1"
            ],
            "version": "==0.3.9"
        },
        "conceptnet-lite": {
            "hashes": [
                "sha256:a0e61ecca866c26630e9ab4c8d05ce3ea8d2bb4da3fd9b7cd6c47a2aaf95115d",
                "sha256:e725ad66879e45a5b0c35e6ecbacc2cdb4cc5e40b7bde73fef211086ef2fd362"
            ],
            "index": "pypi",
            "version": "==0.1.27"
        },
        "futures": {
            "hashes": [
                "sha256:0542525145d5afc984c88f914a0c85c77527f65946617edb5274f72406f981df",
                "sha256:f7f16b6bf9653a918a03f1f2c2d62aac0cd64b1bc088e93ea279517f6b61120b"
            ],
            "version": "==3.0.5"
        },
        "gensim": {
            "hashes": [
                "sha256:1ae06b2d70ed09ba1051b7f37ee142b695c183fd18f2dddb3362379d6dc33d73",
                "sha256:4e06f177e537af25e219f6e42f50f78687754fd20aa3a8335fe3103636f747df",
                "sha256:4ebc8ec9cccae2d063cef240825658f050c5ad6fd2c81eecc84765f7a87b58ba",
                "sha256:636cd376e647200bbc37694541c078a64ce2ddfa70a6cbaafd55de800731000b",
                "sha256:662e755a179a4042d1a3c3c39d80479f50fc09b7e1c5df2e40276ec75c8311d2",
                "sha256:84a06822c0ad1285f4e8630df5e618e8e2f67eb5edb571fa907433856911f42b",
                "sha256:8ff2c9e8e7470701b26b994d29fdf4d77bb3b290b6303dee61859a776bfeeeee",
                "sha256:995ebd2970a31d47c100aaac10212f47e2bf12e2b06536d38883c951ff34eef1",
                "sha256:bad35d595e5a37b2f082985b31dbd01024949a9b3d4f69f80e54d990e90721ad",
                "sha256:cccf80d032dac1d6be8de06a8c8ed763496acda8c37e5c9a9d19c712f16d8fd3",
                "sha256:db1bc49dccc3815fa58bddc9e1f953354a131ab510d72fd8af58e9c749bb695e",
                "sha256:de68cdee678e63500c832cc17ed768c0fc22550f63782201a50f319a4a6fc385",
                "sha256:ec8c5917ec36cfffbe8688af60f444f9e8fa01a3032fb75c50df212772db257f",
                "sha256:edb70625065c5d170205cbf108bb01a9fce9487182fdeb2724ce0674ab98a244",
                "sha256:f1b59d3559fab86df1e046882531ecc9a653689cf6effb1b089cd3adfc7ec57c",
                "sha256:f8199bc532ea041a35c360c65ce418a4730c813fd300a433fd9a3d89b4bb6f1d"
            ],
            "index": "pypi",
            "version": "==4.2.0"
        },
        "goslate": {
            "hashes": [
                "sha256:a93385124c6733c863d9bb02005bba7504e501ec3c7acb9062af011e5b1a6e79",
                "sha256:c6ad6b121d19eec08c29cea7385c055a7bc53247d1b8cd935f68228a4e2063d5"
            ],
            "version": "==1.5.4"
        },
        "idna": {
            "hashes": [
                "sha256:84d9dd047ffa80596e0f246e2eab0b391788b0503584e8945f2368256d2735ff",
                "sha256:9d643ff0a55b762d5cdb124b8eaa99c66322e2157b69160bc32796e824360e6d"
            ],
            "markers": "python_version >= '3.5'",
            "version": "==3.3"
        },
        "importlib-metadata": {
            "hashes": [
                "sha256:637245b8bab2b6502fcbc752cc4b7a6f6243bb02b31c5c26156ad103d3d45670",
                "sha256:7401a975809ea1fdc658c3aa4f78cc2195a0e019c5cbc4c06122884e9ae80c23"
            ],
            "markers": "python_version < '3.8'",
            "version": "==4.12.0"
        },
        "joblib": {
            "hashes": [
                "sha256:4158fcecd13733f8be669be0683b96ebdbbd38d23559f54dca7205aea1bf1e35",
                "sha256:f21f109b3c7ff9d95f8387f752d0d9c34a02aa2f7060c2135f465da0e5160ff6"
            ],
            "markers": "python_full_version >= '3.6.0'",
            "version": "==1.1.0"
        },
        "lmdb": {
            "hashes": [
                "sha256:173d71ade5fd402c7e9ecb0a1d6022c92a7f89c313132ef4e5e561d349b0834b",
                "sha256:280ab0ea8665b2d8288cfd6082493a20f18511781c3cbcc337509f4b42295ca2",
                "sha256:3287daec1ae1f88956ce3fb0a79492a79170b3f2103e31331dab4770d3d9234e",
                "sha256:42473fac408bbbe25e2389ac2f05850a5f4981c13521ae4cdeb2684f3ff63e7b",
                "sha256:44b299ff46ead8c5d905b90e2c2a745bc518f3436328e2595578ff60fa4fa9fe",
                "sha256:4ce2ea158282a3501400ceb60fb4a08935bd8cc74cfcd0c3bd87d6a815d16578",
                "sha256:7d154e3b01c94424798e4b1befdc95d5d5a03563ae10752cc3a8adc2faaae008",
                "sha256:85158ad9b09d824877f79d1bceb3fa09f92698c0916243f2b0444851d46e479e",
                "sha256:888c1e443d3a7ebbcea690c59285eae9d1475be2432c0c903d8edfc2f52ec39c",
                "sha256:8ed2f8d705f040ffe54f8740a0aac3fd5c62c3b533879de7304ef8647ed9aac0",
                "sha256:c53fff334ceff942bb57da1e0d03592e55c40151f487e56f5eb6b76986c9f4cf",
                "sha256:ca72d92bf42fa8b18cb611bf0cff9d705b1883385c6208468516086252690df5",
                "sha256:d83fcc2a5d88f91e84c802e6f026e74c01989dbc1a71f415752ea49c515d8ef6",
                "sha256:e04182ad6706a4e97434832d2bc2daad3a9c9e79898e77211f3486255fa9ccae",
                "sha256:e1c9dd17398435b2f211d8671941737518b0b896002ec0492756c71783d01ad2",
                "sha256:ea759927ff820a478da4749532cf62c8ee75ba240fa400ea03a81090f915a372",
                "sha256:f463b511dec5ea2810e0192ba93334dace670a80b60dcbe74e11be35afc35f4f",
                "sha256:fde3fee9391a526bd9b19a35659a8bd4780b252084d7e01531bb433a3b03cac0",
                "sha256:ff43bd36d42d042bb2122d941ef8af5346a0a9c12b2fcef5bec1f9879d3bcb8a"
            ],
            "version": "==0.97"
        },
        "nltk": {
            "hashes": [
                "sha256:ba3de02490308b248f9b94c8bc1ac0683e9aa2ec49ee78536d8667afb5e3eec8",
                "sha256:d6507d6460cec76d70afea4242a226a7542f85c669177b9c7f562b7cf1b05502"
            ],
            "index": "pypi",
            "version": "==3.7"
        },
        "numpy": {
            "hashes": [
                "sha256:1dbe1c91269f880e364526649a52eff93ac30035507ae980d2fed33aaee633ac",
                "sha256:357768c2e4451ac241465157a3e929b265dfac85d9214074985b1786244f2ef3",
                "sha256:3820724272f9913b597ccd13a467cc492a0da6b05df26ea09e78b171a0bb9da6",
                "sha256:4391bd07606be175aafd267ef9bea87cf1b8210c787666ce82073b05f202add1",
                "sha256:4aa48afdce4660b0076a00d80afa54e8a97cd49f457d68a4342d188a09451c1a",
                "sha256:58459d3bad03343ac4b1b42ed14d571b8743dc80ccbf27444f266729df1d6f5b",
                "sha256:5c3c8def4230e1b959671eb959083661b4a0d2e9af93ee339c7dada6759a9470",
                "sha256:5f30427731561ce75d7048ac254dbe47a2ba576229250fb60f0fb74db96501a1",
                "sha256:643843bcc1c50526b3a71cd2ee561cf0d8773f062c8cbaf9ffac9fdf573f83ab",
                "sha256:67c261d6c0a9981820c3a149d255a76918278a6b03b6a036800359aba1256d46",
                "sha256:67f21981ba2f9d7ba9ade60c9e8cbaa8cf8e9ae51673934480e45cf55e953673",
                "sha256:6aaf96c7f8cebc220cdfc03f1d5a31952f027dda050e5a703a0d1c396075e3e7",
                "sha256:7c4068a8c44014b2d55f3c3f574c376b2494ca9cc73d2f1bd692382b6dffe3db",
                "sha256:7c7e5fa88d9ff656e067876e4736379cc962d185d5cd808014a8a928d529ef4e",
                "sha256:7f5ae4f304257569ef3b948810816bc87c9146e8c446053539947eedeaa32786",
                "sha256:82691fda7c3f77c90e62da69ae60b5ac08e87e775b09813559f8901a88266552",
                "sha256:8737609c3bbdd48e380d463134a35ffad3b22dc56295eff6f79fd85bd0eeeb25",
                "sha256:9f411b2c3f3d76bba0865b35a425157c5dcf54937f82bbeb3d3c180789dd66a6",
                "sha256:a6be4cb0ef3b8c9250c19cc122267263093eee7edd4e3fa75395dfda8c17a8e2",
                "sha256:bcb238c9c96c00d3085b264e5c1a1207672577b93fa666c3b14a45240b14123a",
                "sha256:bf2ec4b75d0e9356edea834d1de42b31fe11f726a81dfb2c2112bc1eaa508fcf",
                "sha256:d136337ae3cc69aa5e447e78d8e1514be8c3ec9b54264e680cf0b4bd9011574f",
                "sha256:d4bf4d43077db55589ffc9009c0ba0a94fa4908b9586d6ccce2e0b164c86303c",
                "sha256:d6a96eef20f639e6a97d23e57dd0c1b1069a7b4fd7027482a4c5c451cd7732f4",
                "sha256:d9caa9d5e682102453d96a0ee10c7241b72859b01a941a397fd965f23b3e016b",
                "sha256:dd1c8f6bd65d07d3810b90d02eba7997e32abbdf1277a481d698969e921a3be0",
                "sha256:e31f0bb5928b793169b87e3d1e070f2342b22d5245c755e2b81caa29756246c3",
                "sha256:ecb55251139706669fdec2ff073c98ef8e9a84473e51e716211b41aa0f18e656",
                "sha256:ee5ec40fdd06d62fe5d4084bef4fd50fd4bb6bfd2bf519365f569dc470163ab0",
                "sha256:f17e562de9edf691a42ddb1eb4a5541c20dd3f9e65b09ded2beb0799c0cf29bb",
                "sha256:fdffbfb6832cd0b300995a2b08b8f6fa9f6e856d562800fea9182316d99c4e8e"
            ],
            "index": "pypi",
            "version": "==1.21.6"
        },
        "opensimplex": {
            "hashes": [
                "sha256:80206b3c22912d869a773036fb5cec0d6313659e23502f730ea601b89bd802f6",
                "sha256:d5420240a1a856ffedfa40b75c25fe7654f7d3a9a4884963dc559b1bad66b080"
            ],
            "index": "pypi",
            "version": "==0.4.2"
        },
        "peewee": {
            "hashes": [
                "sha256:6d5db3babc33819ac326f1550e5a39677f4584094c567a7b88cc6bf7bcdcb687"
            ],
            "version": "==3.15.1"
        },
        "pydictionary": {
            "hashes": [
                "sha256:95b91cf26cc9d859f6c76be2a8c0d864819d4826f21f1709619bda02a3b4e1dc",
                "sha256:c250815c238ec042098918764e5b743955df9612a129ae5218d5f37ddd0f9634"
            ],
            "index": "pypi",
            "version": "==2.0.1"
        },
        "pysmartdl": {
            "hashes": [
                "sha256:35275d1694f3474d33bdca93b27d3608265ffd42f5aeb28e56f38b906c0c35f4",
                "sha256:671c277ca710fb9b6603b19176f5c091041ec4ef6dcdb507c9a983a89ca35d31"
            ],
            "version": "==1.3.4"
        },
        "regex": {
            "hashes": [
                "sha256:03cdd06061426378a83e8a5bdec9cc71b964c35e329f68fb7058d08791780c83",
                "sha256:03d7ff80e3a276ef460baaa745d425162c19d8ea093d60ecf47f52ffee37aea5",
                "sha256:0798f6b97c3f8139c95af7b128a60909f5305b2e431a012083063298b2481e5d",
                "sha256:1228f5a6be5b45ce7b66a69a77682632f0ce64cea1d7da505f33972e01f1f3fe",
                "sha256:14882770017436aabe4cfa2651a9777f9faa2625bc0f6cdaec362697a8a964c3",
                "sha256:15bc8cddffe3a9181572c6bcdf45b145691fff1b5712767e7d7a6ef5d32f424f",
                "sha256:1903a2a6c4463488452e953a49f7e6663cfea9ff5e75b09333cbcc840e727a5b",
                "sha256:1991348464df42a6bc04601e1241dfa4a9ec4d599338dc64760f2c299e1cb996",
                "sha256:1dee18c683a0603445ff9e77ffc39f1a3997f43ee07ae04ac80228fc5565fc4d",
                "sha256:26d6e9a6431626c20821d0165a4c4508acb20a57e4c04ee77c96f01b7fe4c09c",
                "sha256:39ed69803697f1e1e9f1fb1e0b5a8116c55c130745ecd39485cc6255d3b9f046",
                "sha256:3ef5a4ced251a501962d1c8797d15978dd97661721e337cbe88d8bcdb9cd0d56",
                "sha256:3ef700d411b900fcff91f1ef16771bf085a9f9a376d16d8a643e8a20ff6dcb7b",
                "sha256:3f3de4baf25e960a3048a6ecd0246cedcdfeb462a741d55e9a42e91add5a4a99",
                "sha256:42702dba0281bcafbcf194770ecb987d60854946071c622777e6d207b3c169bc",
                "sha256:438b36fbf9446b94325eaeeb1336e2291cd81daeef91b9c728c0946ffbc42ba4",
                "sha256:4433690ff474fd95a3058085aed5fe12ac4e09d4f4b2b983de35e3a6c899afa0",
                "sha256:454c2c81d34eb4e1d015acbca0488789c17fc84188e336365eaa31a16c964c04",
                "sha256:48018c71ce7b2fe80c1eb16b9104d7d04d07567e9333159810a4ae5ef8cdf01f",
                "sha256:4d4640ab9fd3659378eab2ee6f47c3e04b4a269bf206475652c6d8520a9301cc",
                "sha256:50497f3d8a1e8d8055c6da1768c98f5b618039e572aacdcccd642704db6077eb",
                "sha256:50dd20fd10dafd9b697f1c0629285790d86e66946caa2c6a1135f67846d9b495",
                "sha256:513be18bcf5f27076990dd111f72270d33188653e772023985be92a2c5438382",
                "sha256:535a2392a0f11f7df80f43e63a5b69c51bb29a10a690e4ae5ad721b9fe50684d",
                "sha256:55911aba9bae9ad826971d2c80428425625a3dd0c00b94e9bb19361888b983a6",
                "sha256:609a97626bf310e8cd7c79173e6ed8acab7f01ed4519b7936e998b54b3eb8d31",
                "sha256:730cc311757153d59bf2bcf06d4026e3c998c1919c06557ad0e382235049b376",
                "sha256:7378a6fba8a043b3c5fb8cf915044c814ebb2463b0a7137ec09ae0b1b10f5484",
                "sha256:750b5de7982e568c1bb60388dea1c3abd674d1d579b87ef1b945ba4da53eb5e2",
                "sha256:76696de39cbbbf976aa85cbd7b1f3ea2d98b3bc9889f6739fdb6cda85a7f05aa",
                "sha256:89f4c531409ef01aa12b7c15bb489415e219c186725d44bc12a8f279afde3fe2",
                "sha256:8d928237cf78cfe3b46b608f87e255c45a1e11d04e7dd2c49cb60200cbd6f987",
                "sha256:8e324436b7f8bbb8e7b3c4593b01d1dce7215befc83a60569ff34a38d6c250ae",
                "sha256:9163ef45bfebc39838848330cb94f79b563f738c60fc0a20a7f0a30f13ec1573",
                "sha256:91d2a85a4a134011eb517f2a752f4e488b0a4f6b6ad00ef247f9fac57f9ff4f0",
                "sha256:933752abc9931cb53eccbd4ab3aedbcd0f1797c0a1b19ed385952e265636b2b6",
                "sha256:9b8d411a547b47852020242f9c384da35d4c65ccf159ae55a3ba0e50b6220932",
                "sha256:9eec276e6419de4f93824f9373b28a2a8eaed04f28514000cc6a41b64703d804",
                "sha256:a06d6ada6bef79aaa550ef37c7d529da60b81c02838d9dd9c5ab788becfc57d4",
                "sha256:a0c38edcc78556625cbadf48eb87decd5d3c5e82fc4810dd22c19a5498d2329d",
                "sha256:a23653a18c1d69760a2d8b6793478815cf5dc8c12f3b6e608e50aed49829f0ef",
                "sha256:a2afa24d06301f4ffcb00244d30df1c12e65cabf30dcb0ba8b871d6b0c54d19e",
                "sha256:a60840ebd37fe0152b5be50b56e8a958e1430837475311986f867dabad1c7474",
                "sha256:ab950bbafafe9bf2e0a75b9f17291500fa7794f398834f1f4a71c18dddece130",
                "sha256:ae6cd6ce16681d345592d74a0a92b25a9530d4055be460af425e654d891cdee4",
                "sha256:af3d5c74af5ae5d04d597ea61e5e9e0b84e84509e58d1e52aaefbae81cb697bb",
                "sha256:b131c7c94da56f8f1c59b4540c37c20973119608ec8cf42b3ebb40a94f3afc2c",
                "sha256:b24133df3d3c57a901f6a63ba3783d6eed1d0561ed1cafd027f0789e76a10615",
                "sha256:b5f1e598b9b823fb37f2f1baf930bb5f30ae4a3d9b67dfdc63f8f2374f336679",
                "sha256:bbc0c5b350036ce49a8fd6015a29e4621de725fa99d9e985d3d76b820d44e5a9",
                "sha256:bd0883e86964cd61360ffc36dbebbc49b928e92a306f886eab02c11dfde5b7aa",
                "sha256:c942696b541ce6be4e3cc2c963b48671277b38ebd4a28af803b511b2885759b7",
                "sha256:cc018ce0f1b62df155a5b9c9a81464040a87e97fd9bd05e0febe92568c63e678",
                "sha256:ccf10d7d0f25a3c5e123c97ffbab8d4b1429a3c25fbd50812010075bd5d844fd",
                "sha256:d3ce546e54cfafa9dee60b11b7f99b87058d81ab62bd05e366fc5bf6b2c1383a",
                "sha256:dc49d9c6289df4c7895c85094872ef98ce7f609ba0ecbeb77acdd7f8362cda7d",
                "sha256:dd0b115c4fab388b1131c89518cdd98db38d88c55cedfffc71de33c92eeee9c6",
                "sha256:e0c12e5c14eeb5e484c688f2db57ca4a8182d09b40ab69f73147dc32bcdf849d",
                "sha256:e19695f7b8de8a3b7d940288abedf48dfcfc0cd8d36f360e5b1bc5e1c3f02a72",
                "sha256:e1b83baa19355c8dd0ec23e725f18450be01bc464ba1f1865cfada03594fa629",
                "sha256:e2c8f542c5afd36e60237dbbabc95722135047d4c2844b9c4bff74c7177a50a1",
                "sha256:e4a72f70ad7aa3df8244da55cf21e28b6f0640a8d8e0065dfa7ec477dd2b4ea4",
                "sha256:ea9f01224c25101c5f2c6dceebd29d1431525637d596241935640e4de0fbb822",
                "sha256:ed42feff196aaf262db1878d5ac553a3bcef147caf1362e7095f1115b71ae0e1",
                "sha256:f049a9fdacdbc4e84afcec7a3b14a8309699a7347c95a525d49c4b9a9c353cee",
                "sha256:f7329e66c6bd9950eb428f225db3982e5f54e53d3d95951da424dce9aa621eae",
                "sha256:f755fba215ddafa26211e33ac91b48dcebf84ff28590790e5b7711b46fa4095d",
                "sha256:f86be4e30cf2ffcd67845251c8549d70740cd6eec77bd38d977c4c0640eefc24",
                "sha256:f898bf0a9613cc8b7f7af6fdcd80cc8e7659787908834c63391f22271fdb1c14",
                "sha256:fac0dd2f11a165a79e271a04226378a008c83368031c6a9294a6df9cd1c13c05",
                "sha256:fbbf9858a3043f632c9da2a82e4ce895016dfb401f59ab110900121121ee73b7",
                "sha256:fddd2ef742f05a18fde1d1c74df12fa6f426945cfb6fefba3fa1c5380e2dd2bf",
                "sha256:fddd7ddd520661085ffd91f1db74b18e4cf5ed9b6e939aa7d31ca1ea67bc7621",
                "sha256:ff0e0c3a48c635529a1723d2fea9326da1dacdba5db20be1a4eeaf56580e3949"
            ],
            "markers": "python_full_version >= '3.6.0'",
            "version": "==2022.7.25"
        },
        "requests": {
            "hashes": [
                "sha256:7c5599b102feddaa661c826c56ab4fee28bfd17f5abca1ebbe3e7f19d7c97983",
                "sha256:8fefa2a1a1365bf5520aac41836fbee479da67864514bdb821f31ce07ce65349"
            ],
            "markers": "python_version >= '3.7' and python_version < '4'",
            "version": "==2.28.1"
        },
        "scipy": {
            "hashes": [
                "sha256:033ce76ed4e9f62923e1f8124f7e2b0800db533828c853b402c7eec6e9465d80",
                "sha256:173308efba2270dcd61cd45a30dfded6ec0085b4b6eb33b5eb11ab443005e088",
                "sha256:21b66200cf44b1c3e86495e3a436fc7a26608f92b8d43d344457c54f1c024cbc",
                "sha256:2c56b820d304dffcadbbb6cbfbc2e2c79ee46ea291db17e288e73cd3c64fefa9",
                "sha256:304dfaa7146cffdb75fbf6bb7c190fd7688795389ad060b970269c8576d038e9",
                "sha256:3f78181a153fa21c018d346f595edd648344751d7f03ab94b398be2ad083ed3e",
                "sha256:4d242d13206ca4302d83d8a6388c9dfce49fc48fdd3c20efad89ba12f785bf9e",
                "sha256:5d1cc2c19afe3b5a546ede7e6a44ce1ff52e443d12b231823268019f608b9b12",
                "sha256:5f2cfc359379c56b3a41b17ebd024109b2049f878badc1e454f31418c3a18436",
                "sha256:65bd52bf55f9a1071398557394203d881384d27b9c2cad7df9a027170aeaef93",
                "sha256:7edd9a311299a61e9919ea4192dd477395b50c014cdc1a1ac572d7c27e2207fa",
                "sha256:8499d9dd1459dc0d0fe68db0832c3d5fc1361ae8e13d05e6849b358dc3f2c279",
                "sha256:866ada14a95b083dd727a845a764cf95dd13ba3dc69a16b99038001b05439709",
                "sha256:87069cf875f0262a6e3187ab0f419f5b4280d3dcf4811ef9613c605f6e4dca95",
                "sha256:93378f3d14fff07572392ce6a6a2ceb3a1f237733bd6dcb9eb6a2b29b0d19085",
                "sha256:95c2d250074cfa76715d58830579c64dff7354484b284c2b8b87e5a38321672c",
                "sha256:ab5875facfdef77e0a47d5fd39ea178b58e60e454a4c85aa1e52fcb80db7babf",
                "sha256:b0e0aeb061a1d7dcd2ed59ea57ee56c9b23dd60100825f98238c06ee5cc4467e",
                "sha256:b78a35c5c74d336f42f44106174b9851c783184a85a3fe3e68857259b37b9ffb",
                "sha256:c9e04d7e9b03a8a6ac2045f7c5ef741be86727d8f49c45db45f244bdd2bcff17",
                "sha256:ca36e7d9430f7481fc7d11e015ae16fbd5575615a8e9060538104778be84addf",
                "sha256:ceebc3c4f6a109777c0053dfa0282fddb8893eddfb0d598574acfb734a926168",
                "sha256:e2c036492e673aad1b7b0d0ccdc0cb30a968353d2c4bf92ac8e73509e1bf212c",
                "sha256:eb326658f9b73c07081300daba90a8746543b5ea177184daed26528273157294",
                "sha256:eb7ae2c4dbdb3c9247e07acc532f91077ae6dbc40ad5bd5dca0bb5a176ee9bda",
                "sha256:edad1cf5b2ce1912c4d8ddad20e11d333165552aba262c882e28c78bbc09dbf6",
                "sha256:eef93a446114ac0193a7b714ce67659db80caf940f3232bad63f4c7a81bc18df",
                "sha256:f7eaea089345a35130bc9a39b89ec1ff69c208efa97b3f8b25ea5d4c41d88094",
                "sha256:f99d206db1f1ae735a8192ab93bd6028f3a42f6fa08467d37a14eb96c9dd34a3"
            ],
            "markers": "python_version < '3.11' and python_version >= '3.7'",
            "version": "==1.7.3"
        },
        "smart-open": {
            "hashes": [
                "sha256:94afbd5058a45d4fdc4f859ed158b46054cb5ca1c019d76f6f8a60495f662129",
                "sha256:d60106b96f0bcaedf5f1cd46ff5524a1c3d02d5653425618bb0fa66e158d22b0"
            ],
            "markers": "python_version < '4' and python_full_version >= '3.6.0'",
            "version": "==6.0.0"
        },
        "soupsieve": {
            "hashes": [
                "sha256:3b2503d3c7084a42b1ebd08116e5f81aadfaea95863628c80a3b774a11b7c759",
                "sha256:fc53893b3da2c33de295667a0e19f078c14bf86544af307354de5fcf12a3f30d"
            ],
            "markers": "python_full_version >= '3.6.0'",
            "version": "==2.3.2.post1"
        },
        "torch": {
            "hashes": [
                "sha256:03e31c37711db2cd201e02de5826de875529e45a55631d317aadce2f1ed45aa8",
                "sha256:0b44601ec56f7dd44ad8afc00846051162ef9c26a8579dda0a02194327f2d55e",
                "sha256:42e115dab26f60c29e298559dbec88444175528b729ae994ec4c65d56fe267dd",
                "sha256:42f639501928caabb9d1d55ddd17f07cd694de146686c24489ab8c615c2871f2",
                "sha256:4e1b9c14cf13fd2ab8d769529050629a0e68a6fc5cb8e84b4a3cc1dd8c4fe541",
                "sha256:68104e4715a55c4bb29a85c6a8d57d820e0757da363be1ba680fa8cc5be17b52",
                "sha256:69fe2cae7c39ccadd65a123793d30e0db881f1c1927945519c5c17323131437e",
                "sha256:6cf6f54b43c0c30335428195589bd00e764a6d27f3b9ba637aaa8c11aaf93073",
                "sha256:743784ccea0dc8f2a3fe6a536bec8c4763bd82c1352f314937cb4008d4805de1",
                "sha256:8a34a2fbbaa07c921e1b203f59d3d6e00ed379f2b384445773bd14e328a5b6c8",
                "sha256:976c3f997cea38ee91a0dd3c3a42322785414748d1761ef926b789dfa97c6134",
                "sha256:9b356aea223772cd754edb4d9ecf2a025909b8615a7668ac7d5130f86e7ec421",
                "sha256:9c038662db894a23e49e385df13d47b2a777ffd56d9bcd5b832593fab0a7e286",
                "sha256:a8320ba9ad87e80ca5a6a016e46ada4d1ba0c54626e135d99b2129a4541c509d",
                "sha256:b5dbcca369800ce99ba7ae6dee3466607a66958afca3b740690d88168752abcf",
                "sha256:bfec2843daa654f04fda23ba823af03e7b6f7650a873cdb726752d0e3718dada",
                "sha256:cd26d8c5640c3a28c526d41ccdca14cf1cbca0d0f2e14e8263a7ac17194ab1d2",
                "sha256:e9c8f4a311ac29fc7e8e955cfb7733deb5dbe1bdaabf5d4af2765695824b7e0d",
                "sha256:f00c721f489089dc6364a01fd84906348fe02243d0af737f944fddb36003400d",
                "sha256:f3b52a634e62821e747e872084ab32fbcb01b7fa7dbb7471b6218279f02a178a"
            ],
            "index": "pypi",
            "version": "==1.12.1"
        },
        "tqdm": {
            "hashes": [
                "sha256:40be55d30e200777a307a7585aee69e4eabb46b4ec6a4b4a5f2d9f11e7d5408d",
                "sha256:74a2cdefe14d11442cedf3ba4e21a3b84ff9a2dbdc6cfae2c34addb2a14a5ea6"
            ],
            "markers": "python_version >= '2.7' and python_version not in '3.0, 3.1, 3.2, 3.3'",
            "version": "==4.64.0"
        },
        "typing-extensions": {
            "hashes": [
                "sha256:25642c956049920a5aa49edcdd6ab1e06d7e5d467fc00e0506c44ac86fbfca02",
                "sha256:e6d2677a32f47fc7eb2795db1dd15c1f34eff616bcaf2cfb5e997f854fa1c4a6"
            ],
            "markers": "python_version >= '3.7'",
            "version": "==4.3.0"
        },
        "urllib3": {
            "hashes": [
                "sha256:c33ccba33c819596124764c23a97d25f32b28433ba0dedeb77d873a38722c9bc",
                "sha256:ea6e8fb210b19d950fab93b60c9009226c63a28808bc8386e05301e25883ac0a"
            ],
            "markers": "python_version >= '2.7' and python_version not in '3.0, 3.1, 3.2, 3.3, 3.4, 3.5' and python_version < '4'",
            "version": "==1.26.11"
        },
        "weighted-choice": {
            "hashes": [
                "sha256:8b48457d0a099a724adbae0fe81ef8f015e9ae21761a48402b3441d96184d2c1",
                "sha256:ce2e481805e2632bd86213ab52413c2c5600a47149c312ad37ceca584763f0a2"
            ],
            "index": "pypi",
            "version": "==0.1.0"
        },
        "weightedset": {
            "hashes": [
                "sha256:4300620214ccbd1650897e47d4d19b49cc0e9b7547475d96ed5ca551a529e160",
                "sha256:595dc03b7ade6eae4f6412e75733b3cfce44475e345b34209648e3a05247b24c"
            ],
            "index": "pypi",
            "version": "==1.0.0"
        },
        "wordnet": {
            "hashes": [
                "sha256:0ec876cbab8fc997eaebe1056e6ccef5678811fe5e75734156b27482e761dcc9"
            ],
            "index": "pypi",
            "version": "==0.0.1b2"
        },
        "zipp": {
            "hashes": [
                "sha256:05b45f1ee8f807d0cc928485ca40a07cb491cf092ff587c0df9cb1fd154848d2",
                "sha256:47c40d7fe183a6f21403a199b3e4192cca5774656965b0a4988ad2f8feb5f009"
            ],
            "markers": "python_version >= '3.7'",
            "version": "==3.8.1"
        }
    },
    "develop": {}
}
